// !$*UTF8*$!
{
	archiveVersion = 1;
	classes = {
	};
	objectVersion = 52;
	objects = {

/* Begin PBXBuildFile section */
		A523EE7A263F3C24003977F1 /* UIState.swift in Sources */ = {isa = PBXBuildFile; fileRef = A523EE79263F3C24003977F1 /* UIState.swift */; };
		A523EE81263F4320003977F1 /* JSONViewer.swift in Sources */ = {isa = PBXBuildFile; fileRef = A523EE80263F4320003977F1 /* JSONViewer.swift */; };
		A523EE83263F440F003977F1 /* JSONTreeView.swift in Sources */ = {isa = PBXBuildFile; fileRef = A523EE82263F440F003977F1 /* JSONTreeView.swift */; };
		A523EE85263F4526003977F1 /* JSONCell.swift in Sources */ = {isa = PBXBuildFile; fileRef = A523EE84263F4526003977F1 /* JSONCell.swift */; };
		A5338EF9264190AC00E28DAB /* Theme.swift in Sources */ = {isa = PBXBuildFile; fileRef = A5338EF8264190AC00E28DAB /* Theme.swift */; };
		A544358026395A0D007A9B31 /* NeuronificApp.swift in Sources */ = {isa = PBXBuildFile; fileRef = A544357F26395A0D007A9B31 /* NeuronificApp.swift */; };
		A544358226395A0D007A9B31 /* ContentView.swift in Sources */ = {isa = PBXBuildFile; fileRef = A544358126395A0D007A9B31 /* ContentView.swift */; };
		A544358426395A0E007A9B31 /* Assets.xcassets in Resources */ = {isa = PBXBuildFile; fileRef = A544358326395A0E007A9B31 /* Assets.xcassets */; };
		A544358726395A0E007A9B31 /* Preview Assets.xcassets in Resources */ = {isa = PBXBuildFile; fileRef = A544358626395A0E007A9B31 /* Preview Assets.xcassets */; };
		A544359D26395C96007A9B31 /* Parsec.framework in Frameworks */ = {isa = PBXBuildFile; fileRef = A544359426395C96007A9B31 /* Parsec.framework */; };
		A54435A626395C96007A9B31 /* Parsec.h in Headers */ = {isa = PBXBuildFile; fileRef = A544359626395C96007A9B31 /* Parsec.h */; settings = {ATTRIBUTES = (Public, ); }; };
		A54435B326395CE2007A9B31 /* Parsec.swift in Sources */ = {isa = PBXBuildFile; fileRef = A54435B226395CE2007A9B31 /* Parsec.swift */; };
		A54435B526395E97007A9B31 /* GenericParser.swift in Sources */ = {isa = PBXBuildFile; fileRef = A54435B426395E97007A9B31 /* GenericParser.swift */; };
		A54435B726395FDD007A9B31 /* ParserError.swift in Sources */ = {isa = PBXBuildFile; fileRef = A54435B626395FDD007A9B31 /* ParserError.swift */; };
		A54435B926396111007A9B31 /* Position.swift in Sources */ = {isa = PBXBuildFile; fileRef = A54435B826396111007A9B31 /* Position.swift */; };
		A54435BB26396217007A9B31 /* Configuration.swift in Sources */ = {isa = PBXBuildFile; fileRef = A54435BA26396217007A9B31 /* Configuration.swift */; };
		A54435BD26397E7B007A9B31 /* Either.swift in Sources */ = {isa = PBXBuildFile; fileRef = A54435BC26397E7B007A9B31 /* Either.swift */; };
		A54435BF2639809F007A9B31 /* RangeReplaceableCollectionInsertion.swift in Sources */ = {isa = PBXBuildFile; fileRef = A54435BE2639809F007A9B31 /* RangeReplaceableCollectionInsertion.swift */; };
		A54435C126398129007A9B31 /* SequenceAggregation.swift in Sources */ = {isa = PBXBuildFile; fileRef = A54435C026398129007A9B31 /* SequenceAggregation.swift */; };
		A54435C3263981B5007A9B31 /* SequenceConversion.swift in Sources */ = {isa = PBXBuildFile; fileRef = A54435C2263981B5007A9B31 /* SequenceConversion.swift */; };
		A54435C5263981E1007A9B31 /* SetAggregation.swift in Sources */ = {isa = PBXBuildFile; fileRef = A54435C4263981E1007A9B31 /* SetAggregation.swift */; };
		A54435C726398222007A9B31 /* String.swift in Sources */ = {isa = PBXBuildFile; fileRef = A54435C626398222007A9B31 /* String.swift */; };
		A54435C9263982DE007A9B31 /* TokenParser.swift in Sources */ = {isa = PBXBuildFile; fileRef = A54435C8263982DE007A9B31 /* TokenParser.swift */; };
		A54435CB26398394007A9B31 /* LanguageDefinition.swift in Sources */ = {isa = PBXBuildFile; fileRef = A54435CA26398394007A9B31 /* LanguageDefinition.swift */; };
		A54435CD263985CA007A9B31 /* GenericTokenParser.swift in Sources */ = {isa = PBXBuildFile; fileRef = A54435CC263985CA007A9B31 /* GenericTokenParser.swift */; };
		A54435CF2639863D007A9B31 /* Permutation.swift in Sources */ = {isa = PBXBuildFile; fileRef = A54435CE2639863D007A9B31 /* Permutation.swift */; };
		A54435D126398761007A9B31 /* UInt16.swift in Sources */ = {isa = PBXBuildFile; fileRef = A54435D026398761007A9B31 /* UInt16.swift */; };
		A54435D326398790007A9B31 /* UnicodeScalar.swift in Sources */ = {isa = PBXBuildFile; fileRef = A54435D226398790007A9B31 /* UnicodeScalar.swift */; };
		A54435D5263987D3007A9B31 /* CharacterConversion.swift in Sources */ = {isa = PBXBuildFile; fileRef = A54435D4263987D3007A9B31 /* CharacterConversion.swift */; };
		A54435D726398814007A9B31 /* CharacterMembership.swift in Sources */ = {isa = PBXBuildFile; fileRef = A54435D626398814007A9B31 /* CharacterMembership.swift */; };
		A54435D92639891F007A9B31 /* CharacterParsers.swift in Sources */ = {isa = PBXBuildFile; fileRef = A54435D82639891F007A9B31 /* CharacterParsers.swift */; };
		A54435DB26398B7E007A9B31 /* CharacterSet.swift in Sources */ = {isa = PBXBuildFile; fileRef = A54435DA26398B7E007A9B31 /* CharacterSet.swift */; };
		A54435DD26398BEA007A9B31 /* CollectionAggregation.swift in Sources */ = {isa = PBXBuildFile; fileRef = A54435DC26398BEA007A9B31 /* CollectionAggregation.swift */; };
		A54435DF26398C2B007A9B31 /* ExpressionParser.swift in Sources */ = {isa = PBXBuildFile; fileRef = A54435DE26398C2B007A9B31 /* ExpressionParser.swift */; };
		A549567A2641CED2000DC4B9 /* ComponentView.swift in Sources */ = {isa = PBXBuildFile; fileRef = A54956792641CED2000DC4B9 /* ComponentView.swift */; };
		A549567C2641CF00000DC4B9 /* ComponentDetailView.swift in Sources */ = {isa = PBXBuildFile; fileRef = A549567B2641CF00000DC4B9 /* ComponentDetailView.swift */; };
		A549567E2641CF41000DC4B9 /* ComponentViewModifierView.swift in Sources */ = {isa = PBXBuildFile; fileRef = A549567D2641CF41000DC4B9 /* ComponentViewModifierView.swift */; };
		A54956802641CF66000DC4B9 /* ContentConfigurationView.swift in Sources */ = {isa = PBXBuildFile; fileRef = A549567F2641CF66000DC4B9 /* ContentConfigurationView.swift */; };
		A54956822641CF92000DC4B9 /* ContentConfigurationDetailView.swift in Sources */ = {isa = PBXBuildFile; fileRef = A54956812641CF92000DC4B9 /* ContentConfigurationDetailView.swift */; };
		A54956842641CFB0000DC4B9 /* SimulatedDeviceView.swift in Sources */ = {isa = PBXBuildFile; fileRef = A54956832641CFB0000DC4B9 /* SimulatedDeviceView.swift */; };
		A549568B2641D047000DC4B9 /* FileModel.swift in Sources */ = {isa = PBXBuildFile; fileRef = A549568A2641D047000DC4B9 /* FileModel.swift */; };
		A549568D2641D13C000DC4B9 /* ComponentSelectionAreaView.swift in Sources */ = {isa = PBXBuildFile; fileRef = A549568C2641D13C000DC4B9 /* ComponentSelectionAreaView.swift */; };
		A54956912641D4AC000DC4B9 /* PlaceholderViewModifier.swift in Sources */ = {isa = PBXBuildFile; fileRef = A54956902641D4AC000DC4B9 /* PlaceholderViewModifier.swift */; };
		A54956962641D817000DC4B9 /* SearchTextField.swift in Sources */ = {isa = PBXBuildFile; fileRef = A54956952641D817000DC4B9 /* SearchTextField.swift */; };
		A54956982641DC3C000DC4B9 /* FocusRingExtension.swift in Sources */ = {isa = PBXBuildFile; fileRef = A54956972641DC3C000DC4B9 /* FocusRingExtension.swift */; };
		A5582619263D031C00116DD2 /* Parsec.framework in Frameworks */ = {isa = PBXBuildFile; fileRef = A544359426395C96007A9B31 /* Parsec.framework */; settings = {ATTRIBUTES = (Required, ); }; };
		A558261A263D031C00116DD2 /* Parsec.framework in Embed Frameworks */ = {isa = PBXBuildFile; fileRef = A544359426395C96007A9B31 /* Parsec.framework */; settings = {ATTRIBUTES = (CodeSignOnCopy, RemoveHeadersOnCopy, ); }; };
		A558261F263D037600116DD2 /* JSON.swift in Sources */ = {isa = PBXBuildFile; fileRef = A55DA94E263CF998005C3A5B /* JSON.swift */; };
		A5582620263D037C00116DD2 /* Text.swift in Sources */ = {isa = PBXBuildFile; fileRef = A5759F50263AD28C003172C6 /* Text.swift */; };
		A55C30102772587E00648EA8 /* AnyDropDelegate.swift in Sources */ = {isa = PBXBuildFile; fileRef = A55C300F2772587E00648EA8 /* AnyDropDelegate.swift */; };
		A55C301A2774FF0D00648EA8 /* bonsai.png in Resources */ = {isa = PBXBuildFile; fileRef = A55C30192774FF0D00648EA8 /* bonsai.png */; };
		A55C3027277502D300648EA8 /* List.bnsi in Resources */ = {isa = PBXBuildFile; fileRef = A55C301B277502D300648EA8 /* List.bnsi */; };
		A55C302A277502D300648EA8 /* Label.bnsi in Resources */ = {isa = PBXBuildFile; fileRef = A55C301E277502D300648EA8 /* Label.bnsi */; };
		A55C302B277502D300648EA8 /* DatePicker.bnsi in Resources */ = {isa = PBXBuildFile; fileRef = A55C301F277502D300648EA8 /* DatePicker.bnsi */; };
		A55C302C277502D300648EA8 /* DisclosureGroup.bnsi in Resources */ = {isa = PBXBuildFile; fileRef = A55C3020277502D300648EA8 /* DisclosureGroup.bnsi */; };
		A55C302D277502D300648EA8 /* Link.bnsi in Resources */ = {isa = PBXBuildFile; fileRef = A55C3021277502D300648EA8 /* Link.bnsi */; };
		A55C302E277502D300648EA8 /* GroupBox.bnsi in Resources */ = {isa = PBXBuildFile; fileRef = A55C3022277502D300648EA8 /* GroupBox.bnsi */; };
		A55C302F277502D300648EA8 /* Button.bnsi in Resources */ = {isa = PBXBuildFile; fileRef = A55C3023277502D300648EA8 /* Button.bnsi */; };
		A55C3030277502D300648EA8 /* HorizontalSplitView.bnsi in Resources */ = {isa = PBXBuildFile; fileRef = A55C3024277502D300648EA8 /* HorizontalSplitView.bnsi */; };
		A55C3031277502D300648EA8 /* ColorPicker.bnsi in Resources */ = {isa = PBXBuildFile; fileRef = A55C3025277502D300648EA8 /* ColorPicker.bnsi */; };
		A55C3032277502D300648EA8 /* Form.bnsi in Resources */ = {isa = PBXBuildFile; fileRef = A55C3026277502D300648EA8 /* Form.bnsi */; };
		A55C303427765B6200648EA8 /* FilePickerView.swift in Sources */ = {isa = PBXBuildFile; fileRef = A55C303327765B6200648EA8 /* FilePickerView.swift */; };
		A55E59BF27988EC100130859 /* ColorCardView.swift in Sources */ = {isa = PBXBuildFile; fileRef = A55E59BE27988EC100130859 /* ColorCardView.swift */; };
		A55E59C2279891EF00130859 /* MultiColorCardViews.swift in Sources */ = {isa = PBXBuildFile; fileRef = A55E59C1279891EF00130859 /* MultiColorCardViews.swift */; };
		A585EA9827778E8A006F5078 /* ForegroundColor.swift in Sources */ = {isa = PBXBuildFile; fileRef = A585EA9727778E8A006F5078 /* ForegroundColor.swift */; };
		A585EA9A2777A0D0006F5078 /* ParserViewList.swift in Sources */ = {isa = PBXBuildFile; fileRef = A585EA992777A0D0006F5078 /* ParserViewList.swift */; };
		A585EA9F2777A19E006F5078 /* ModifiedView.swift in Sources */ = {isa = PBXBuildFile; fileRef = A585EA9E2777A19E006F5078 /* ModifiedView.swift */; };
		A585EAA42778B762006F5078 /* Border.swift in Sources */ = {isa = PBXBuildFile; fileRef = A585EAA32778B762006F5078 /* Border.swift */; };
		A585EAA7277A546B006F5078 /* Padding.swift in Sources */ = {isa = PBXBuildFile; fileRef = A585EAA6277A546B006F5078 /* Padding.swift */; };
		A585EAAA277E4D5F006F5078 /* HStack.swift in Sources */ = {isa = PBXBuildFile; fileRef = A585EAA9277E4D5F006F5078 /* HStack.swift */; };
		A585EAAC277E4DBA006F5078 /* ParsedView.swift in Sources */ = {isa = PBXBuildFile; fileRef = A585EAAB277E4DBA006F5078 /* ParsedView.swift */; };
		A585EAAE277E5477006F5078 /* Button.swift in Sources */ = {isa = PBXBuildFile; fileRef = A585EAAD277E5477006F5078 /* Button.swift */; };
		A585EAB4278074BE006F5078 /* AnyDragProtocol.swift in Sources */ = {isa = PBXBuildFile; fileRef = A585EAB3278074BE006F5078 /* AnyDragProtocol.swift */; };
		A585EAB827807E70006F5078 /* AnyDragComponent+View.swift in Sources */ = {isa = PBXBuildFile; fileRef = A585EAB727807E70006F5078 /* AnyDragComponent+View.swift */; };
		A585EABA2780868B006F5078 /* View+Parsed.swift in Sources */ = {isa = PBXBuildFile; fileRef = A585EAB92780868B006F5078 /* View+Parsed.swift */; };
		A5976DC327691EF800214A70 /* Keyboard.swift in Sources */ = {isa = PBXBuildFile; fileRef = A5976DC227691EF800214A70 /* Keyboard.swift */; };
		A5976DE2276A32C300214A70 /* Button+Image.swift in Sources */ = {isa = PBXBuildFile; fileRef = A5976DE1276A32C300214A70 /* Button+Image.swift */; };
		A5976DE7276A4E0400214A70 /* TreeDragComponent.swift in Sources */ = {isa = PBXBuildFile; fileRef = A5976DE6276A4E0400214A70 /* TreeDragComponent.swift */; };
		A5976DED276B86CD00214A70 /* AppKit.framework in Frameworks */ = {isa = PBXBuildFile; fileRef = A5976DEC276B86CD00214A70 /* AppKit.framework */; platformFilter = maccatalyst; };
		A5ACE65926746ADF00FCC855 /* Button+Label.swift in Sources */ = {isa = PBXBuildFile; fileRef = A5ACE65826746ADF00FCC855 /* Button+Label.swift */; };
		A5C01CB82767C2DD005CBAA8 /* Font.swift in Sources */ = {isa = PBXBuildFile; fileRef = A5C01CB72767C2DD005CBAA8 /* Font.swift */; };
		A5C01CBB2767DC49005CBAA8 /* Accessibility+Label.swift in Sources */ = {isa = PBXBuildFile; fileRef = A5C01CBA2767DC49005CBAA8 /* Accessibility+Label.swift */; };
		A5C01CBF2767E438005CBAA8 /* ViewModifier+Error.swift in Sources */ = {isa = PBXBuildFile; fileRef = A5C01CBE2767E438005CBAA8 /* ViewModifier+Error.swift */; };
		A5C01CC12767F449005CBAA8 /* Accessibility+InputLabels.swift in Sources */ = {isa = PBXBuildFile; fileRef = A5C01CC02767F449005CBAA8 /* Accessibility+InputLabels.swift */; };
		A5C01CC6276800CA005CBAA8 /* Picker.swift in Sources */ = {isa = PBXBuildFile; fileRef = A5C01CC5276800CA005CBAA8 /* Picker.swift */; };
		A5C01CCA2768DFD4005CBAA8 /* Label.swift in Sources */ = {isa = PBXBuildFile; fileRef = A5C01CC92768DFD4005CBAA8 /* Label.swift */; };
		A5C01CD227690497005CBAA8 /* AnyDragComponent.swift in Sources */ = {isa = PBXBuildFile; fileRef = A5C01CD127690497005CBAA8 /* AnyDragComponent.swift */; };
		A5C7E5EB2639F65B00FCD9A2 /* CombinatorParsers.swift in Sources */ = {isa = PBXBuildFile; fileRef = A5C7E5EA2639F65B00FCD9A2 /* CombinatorParsers.swift */; };
		A5C7E5FB2639F96C00FCD9A2 /* SampleJSON.json in Resources */ = {isa = PBXBuildFile; fileRef = A5C7E5EC2639F96B00FCD9A2 /* SampleJSON.json */; };
		A5C7E5FC2639F96C00FCD9A2 /* CharacterSetTests.swift in Sources */ = {isa = PBXBuildFile; fileRef = A5C7E5ED2639F96B00FCD9A2 /* CharacterSetTests.swift */; };
		A5C7E5FD2639F96C00FCD9A2 /* ExpressionParserTests.swift in Sources */ = {isa = PBXBuildFile; fileRef = A5C7E5EE2639F96B00FCD9A2 /* ExpressionParserTests.swift */; };
		A5C7E5FE2639F96C00FCD9A2 /* UnicodeScalarTests.swift in Sources */ = {isa = PBXBuildFile; fileRef = A5C7E5EF2639F96B00FCD9A2 /* UnicodeScalarTests.swift */; };
		A5C7E5FF2639F96C00FCD9A2 /* ErrorMessageTest.swift in Sources */ = {isa = PBXBuildFile; fileRef = A5C7E5F02639F96B00FCD9A2 /* ErrorMessageTest.swift */; };
		A5C7E6002639F96C00FCD9A2 /* PermutationTests.swift in Sources */ = {isa = PBXBuildFile; fileRef = A5C7E5F12639F96B00FCD9A2 /* PermutationTests.swift */; };
		A5C7E6012639F96C00FCD9A2 /* GenericTokenParserTests.swift in Sources */ = {isa = PBXBuildFile; fileRef = A5C7E5F22639F96B00FCD9A2 /* GenericTokenParserTests.swift */; };
		A5C7E6032639F96C00FCD9A2 /* JSONBenchmarkTests.swift in Sources */ = {isa = PBXBuildFile; fileRef = A5C7E5F42639F96C00FCD9A2 /* JSONBenchmarkTests.swift */; };
		A5C7E6042639F96C00FCD9A2 /* CharacterParsersTests.swift in Sources */ = {isa = PBXBuildFile; fileRef = A5C7E5F52639F96C00FCD9A2 /* CharacterParsersTests.swift */; };
		A5C7E6052639F96C00FCD9A2 /* CombinatorParsersTests.swift in Sources */ = {isa = PBXBuildFile; fileRef = A5C7E5F62639F96C00FCD9A2 /* CombinatorParsersTests.swift */; };
		A5C7E6062639F96C00FCD9A2 /* StringTests.swift in Sources */ = {isa = PBXBuildFile; fileRef = A5C7E5F72639F96C00FCD9A2 /* StringTests.swift */; };
		A5C7E6072639F96C00FCD9A2 /* PositionTests.swift in Sources */ = {isa = PBXBuildFile; fileRef = A5C7E5F82639F96C00FCD9A2 /* PositionTests.swift */; };
		A5C7E6082639F96C00FCD9A2 /* GenericParserTests.swift in Sources */ = {isa = PBXBuildFile; fileRef = A5C7E5F92639F96C00FCD9A2 /* GenericParserTests.swift */; };
		A5C7E6092639F96C00FCD9A2 /* TestUtilities.swift in Sources */ = {isa = PBXBuildFile; fileRef = A5C7E5FA2639F96C00FCD9A2 /* TestUtilities.swift */; };
		A5E121732642B36200612830 /* AnyDragModel.swift in Sources */ = {isa = PBXBuildFile; fileRef = A5E121722642B36200612830 /* AnyDragModel.swift */; };
/* End PBXBuildFile section */

/* Begin PBXContainerItemProxy section */
		A544359E26395C96007A9B31 /* PBXContainerItemProxy */ = {
			isa = PBXContainerItemProxy;
			containerPortal = A544357426395A0D007A9B31 /* Project object */;
			proxyType = 1;
			remoteGlobalIDString = A544359326395C96007A9B31;
			remoteInfo = Parsec;
		};
		A54435A026395C96007A9B31 /* PBXContainerItemProxy */ = {
			isa = PBXContainerItemProxy;
			containerPortal = A544357426395A0D007A9B31 /* Project object */;
			proxyType = 1;
			remoteGlobalIDString = A544357B26395A0D007A9B31;
			remoteInfo = Neuronific;
		};
		A558261B263D031C00116DD2 /* PBXContainerItemProxy */ = {
			isa = PBXContainerItemProxy;
			containerPortal = A544357426395A0D007A9B31 /* Project object */;
			proxyType = 1;
			remoteGlobalIDString = A544359326395C96007A9B31;
			remoteInfo = Parsec;
		};
/* End PBXContainerItemProxy section */

/* Begin PBXCopyFilesBuildPhase section */
		A558261E263D031C00116DD2 /* Embed Frameworks */ = {
			isa = PBXCopyFilesBuildPhase;
			buildActionMask = 2147483647;
			dstPath = "";
			dstSubfolderSpec = 10;
			files = (
				A558261A263D031C00116DD2 /* Parsec.framework in Embed Frameworks */,
			);
			name = "Embed Frameworks";
			runOnlyForDeploymentPostprocessing = 0;
		};
/* End PBXCopyFilesBuildPhase section */

/* Begin PBXFileReference section */
		A523EE79263F3C24003977F1 /* UIState.swift */ = {isa = PBXFileReference; lastKnownFileType = sourcecode.swift; path = UIState.swift; sourceTree = "<group>"; };
		A523EE80263F4320003977F1 /* JSONViewer.swift */ = {isa = PBXFileReference; lastKnownFileType = sourcecode.swift; path = JSONViewer.swift; sourceTree = "<group>"; };
		A523EE82263F440F003977F1 /* JSONTreeView.swift */ = {isa = PBXFileReference; lastKnownFileType = sourcecode.swift; path = JSONTreeView.swift; sourceTree = "<group>"; };
		A523EE84263F4526003977F1 /* JSONCell.swift */ = {isa = PBXFileReference; lastKnownFileType = sourcecode.swift; path = JSONCell.swift; sourceTree = "<group>"; };
		A5338EF8264190AC00E28DAB /* Theme.swift */ = {isa = PBXFileReference; lastKnownFileType = sourcecode.swift; path = Theme.swift; sourceTree = "<group>"; };
		A544357C26395A0D007A9B31 /* Neuronific.app */ = {isa = PBXFileReference; explicitFileType = wrapper.application; includeInIndex = 0; path = Neuronific.app; sourceTree = BUILT_PRODUCTS_DIR; };
		A544357F26395A0D007A9B31 /* NeuronificApp.swift */ = {isa = PBXFileReference; lastKnownFileType = sourcecode.swift; path = NeuronificApp.swift; sourceTree = "<group>"; };
		A544358126395A0D007A9B31 /* ContentView.swift */ = {isa = PBXFileReference; lastKnownFileType = sourcecode.swift; path = ContentView.swift; sourceTree = "<group>"; };
		A544358326395A0E007A9B31 /* Assets.xcassets */ = {isa = PBXFileReference; lastKnownFileType = folder.assetcatalog; path = Assets.xcassets; sourceTree = "<group>"; };
		A544358626395A0E007A9B31 /* Preview Assets.xcassets */ = {isa = PBXFileReference; lastKnownFileType = folder.assetcatalog; path = "Preview Assets.xcassets"; sourceTree = "<group>"; };
		A544358826395A0E007A9B31 /* Info.plist */ = {isa = PBXFileReference; lastKnownFileType = text.plist.xml; path = Info.plist; sourceTree = "<group>"; };
		A544358926395A0E007A9B31 /* Neuronific.entitlements */ = {isa = PBXFileReference; lastKnownFileType = text.plist.entitlements; path = Neuronific.entitlements; sourceTree = "<group>"; };
		A544359426395C96007A9B31 /* Parsec.framework */ = {isa = PBXFileReference; explicitFileType = wrapper.framework; includeInIndex = 0; path = Parsec.framework; sourceTree = BUILT_PRODUCTS_DIR; };
		A544359626395C96007A9B31 /* Parsec.h */ = {isa = PBXFileReference; lastKnownFileType = sourcecode.c.h; path = Parsec.h; sourceTree = "<group>"; };
		A544359726395C96007A9B31 /* Info.plist */ = {isa = PBXFileReference; lastKnownFileType = text.plist.xml; path = Info.plist; sourceTree = "<group>"; };
		A544359C26395C96007A9B31 /* ParsecTests.xctest */ = {isa = PBXFileReference; explicitFileType = wrapper.cfbundle; includeInIndex = 0; path = ParsecTests.xctest; sourceTree = BUILT_PRODUCTS_DIR; };
		A54435A526395C96007A9B31 /* Info.plist */ = {isa = PBXFileReference; lastKnownFileType = text.plist.xml; path = Info.plist; sourceTree = "<group>"; };
		A54435B226395CE2007A9B31 /* Parsec.swift */ = {isa = PBXFileReference; lastKnownFileType = sourcecode.swift; path = Parsec.swift; sourceTree = "<group>"; };
		A54435B426395E97007A9B31 /* GenericParser.swift */ = {isa = PBXFileReference; lastKnownFileType = sourcecode.swift; path = GenericParser.swift; sourceTree = "<group>"; };
		A54435B626395FDD007A9B31 /* ParserError.swift */ = {isa = PBXFileReference; lastKnownFileType = sourcecode.swift; path = ParserError.swift; sourceTree = "<group>"; };
		A54435B826396111007A9B31 /* Position.swift */ = {isa = PBXFileReference; lastKnownFileType = sourcecode.swift; path = Position.swift; sourceTree = "<group>"; };
		A54435BA26396217007A9B31 /* Configuration.swift */ = {isa = PBXFileReference; lastKnownFileType = sourcecode.swift; path = Configuration.swift; sourceTree = "<group>"; };
		A54435BC26397E7B007A9B31 /* Either.swift */ = {isa = PBXFileReference; lastKnownFileType = sourcecode.swift; path = Either.swift; sourceTree = "<group>"; };
		A54435BE2639809F007A9B31 /* RangeReplaceableCollectionInsertion.swift */ = {isa = PBXFileReference; lastKnownFileType = sourcecode.swift; path = RangeReplaceableCollectionInsertion.swift; sourceTree = "<group>"; };
		A54435C026398129007A9B31 /* SequenceAggregation.swift */ = {isa = PBXFileReference; lastKnownFileType = sourcecode.swift; path = SequenceAggregation.swift; sourceTree = "<group>"; };
		A54435C2263981B5007A9B31 /* SequenceConversion.swift */ = {isa = PBXFileReference; lastKnownFileType = sourcecode.swift; path = SequenceConversion.swift; sourceTree = "<group>"; };
		A54435C4263981E1007A9B31 /* SetAggregation.swift */ = {isa = PBXFileReference; lastKnownFileType = sourcecode.swift; path = SetAggregation.swift; sourceTree = "<group>"; };
		A54435C626398222007A9B31 /* String.swift */ = {isa = PBXFileReference; lastKnownFileType = sourcecode.swift; path = String.swift; sourceTree = "<group>"; };
		A54435C8263982DE007A9B31 /* TokenParser.swift */ = {isa = PBXFileReference; lastKnownFileType = sourcecode.swift; path = TokenParser.swift; sourceTree = "<group>"; };
		A54435CA26398394007A9B31 /* LanguageDefinition.swift */ = {isa = PBXFileReference; lastKnownFileType = sourcecode.swift; path = LanguageDefinition.swift; sourceTree = "<group>"; };
		A54435CC263985CA007A9B31 /* GenericTokenParser.swift */ = {isa = PBXFileReference; lastKnownFileType = sourcecode.swift; path = GenericTokenParser.swift; sourceTree = "<group>"; };
		A54435CE2639863D007A9B31 /* Permutation.swift */ = {isa = PBXFileReference; lastKnownFileType = sourcecode.swift; path = Permutation.swift; sourceTree = "<group>"; };
		A54435D026398761007A9B31 /* UInt16.swift */ = {isa = PBXFileReference; lastKnownFileType = sourcecode.swift; path = UInt16.swift; sourceTree = "<group>"; };
		A54435D226398790007A9B31 /* UnicodeScalar.swift */ = {isa = PBXFileReference; lastKnownFileType = sourcecode.swift; path = UnicodeScalar.swift; sourceTree = "<group>"; };
		A54435D4263987D3007A9B31 /* CharacterConversion.swift */ = {isa = PBXFileReference; lastKnownFileType = sourcecode.swift; path = CharacterConversion.swift; sourceTree = "<group>"; };
		A54435D626398814007A9B31 /* CharacterMembership.swift */ = {isa = PBXFileReference; lastKnownFileType = sourcecode.swift; path = CharacterMembership.swift; sourceTree = "<group>"; };
		A54435D82639891F007A9B31 /* CharacterParsers.swift */ = {isa = PBXFileReference; lastKnownFileType = sourcecode.swift; path = CharacterParsers.swift; sourceTree = "<group>"; };
		A54435DA26398B7E007A9B31 /* CharacterSet.swift */ = {isa = PBXFileReference; lastKnownFileType = sourcecode.swift; path = CharacterSet.swift; sourceTree = "<group>"; };
		A54435DC26398BEA007A9B31 /* CollectionAggregation.swift */ = {isa = PBXFileReference; lastKnownFileType = sourcecode.swift; path = CollectionAggregation.swift; sourceTree = "<group>"; };
		A54435DE26398C2B007A9B31 /* ExpressionParser.swift */ = {isa = PBXFileReference; lastKnownFileType = sourcecode.swift; path = ExpressionParser.swift; sourceTree = "<group>"; };
		A54956792641CED2000DC4B9 /* ComponentView.swift */ = {isa = PBXFileReference; lastKnownFileType = sourcecode.swift; path = ComponentView.swift; sourceTree = "<group>"; };
		A549567B2641CF00000DC4B9 /* ComponentDetailView.swift */ = {isa = PBXFileReference; lastKnownFileType = sourcecode.swift; path = ComponentDetailView.swift; sourceTree = "<group>"; };
		A549567D2641CF41000DC4B9 /* ComponentViewModifierView.swift */ = {isa = PBXFileReference; lastKnownFileType = sourcecode.swift; path = ComponentViewModifierView.swift; sourceTree = "<group>"; };
		A549567F2641CF66000DC4B9 /* ContentConfigurationView.swift */ = {isa = PBXFileReference; lastKnownFileType = sourcecode.swift; path = ContentConfigurationView.swift; sourceTree = "<group>"; };
		A54956812641CF92000DC4B9 /* ContentConfigurationDetailView.swift */ = {isa = PBXFileReference; lastKnownFileType = sourcecode.swift; path = ContentConfigurationDetailView.swift; sourceTree = "<group>"; };
		A54956832641CFB0000DC4B9 /* SimulatedDeviceView.swift */ = {isa = PBXFileReference; lastKnownFileType = sourcecode.swift; path = SimulatedDeviceView.swift; sourceTree = "<group>"; };
		A549568A2641D047000DC4B9 /* FileModel.swift */ = {isa = PBXFileReference; lastKnownFileType = sourcecode.swift; path = FileModel.swift; sourceTree = "<group>"; };
		A549568C2641D13C000DC4B9 /* ComponentSelectionAreaView.swift */ = {isa = PBXFileReference; lastKnownFileType = sourcecode.swift; path = ComponentSelectionAreaView.swift; sourceTree = "<group>"; };
		A54956902641D4AC000DC4B9 /* PlaceholderViewModifier.swift */ = {isa = PBXFileReference; lastKnownFileType = sourcecode.swift; path = PlaceholderViewModifier.swift; sourceTree = "<group>"; };
		A54956952641D817000DC4B9 /* SearchTextField.swift */ = {isa = PBXFileReference; lastKnownFileType = sourcecode.swift; path = SearchTextField.swift; sourceTree = "<group>"; };
		A54956972641DC3C000DC4B9 /* FocusRingExtension.swift */ = {isa = PBXFileReference; lastKnownFileType = sourcecode.swift; path = FocusRingExtension.swift; sourceTree = "<group>"; };
		A55C300F2772587E00648EA8 /* AnyDropDelegate.swift */ = {isa = PBXFileReference; lastKnownFileType = sourcecode.swift; path = AnyDropDelegate.swift; sourceTree = "<group>"; };
		A55C30192774FF0D00648EA8 /* bonsai.png */ = {isa = PBXFileReference; lastKnownFileType = image.png; path = bonsai.png; sourceTree = "<group>"; };
		A55C301B277502D300648EA8 /* List.bnsi */ = {isa = PBXFileReference; fileEncoding = 4; lastKnownFileType = text; path = List.bnsi; sourceTree = "<group>"; };
		A55C301E277502D300648EA8 /* Label.bnsi */ = {isa = PBXFileReference; fileEncoding = 4; lastKnownFileType = text; path = Label.bnsi; sourceTree = "<group>"; };
		A55C301F277502D300648EA8 /* DatePicker.bnsi */ = {isa = PBXFileReference; fileEncoding = 4; lastKnownFileType = text; path = DatePicker.bnsi; sourceTree = "<group>"; };
		A55C3020277502D300648EA8 /* DisclosureGroup.bnsi */ = {isa = PBXFileReference; fileEncoding = 4; lastKnownFileType = text; path = DisclosureGroup.bnsi; sourceTree = "<group>"; };
		A55C3021277502D300648EA8 /* Link.bnsi */ = {isa = PBXFileReference; fileEncoding = 4; lastKnownFileType = text; path = Link.bnsi; sourceTree = "<group>"; };
		A55C3022277502D300648EA8 /* GroupBox.bnsi */ = {isa = PBXFileReference; fileEncoding = 4; lastKnownFileType = text; path = GroupBox.bnsi; sourceTree = "<group>"; };
		A55C3023277502D300648EA8 /* Button.bnsi */ = {isa = PBXFileReference; fileEncoding = 4; lastKnownFileType = text; path = Button.bnsi; sourceTree = "<group>"; };
		A55C3024277502D300648EA8 /* HorizontalSplitView.bnsi */ = {isa = PBXFileReference; fileEncoding = 4; lastKnownFileType = text; path = HorizontalSplitView.bnsi; sourceTree = "<group>"; };
		A55C3025277502D300648EA8 /* ColorPicker.bnsi */ = {isa = PBXFileReference; fileEncoding = 4; lastKnownFileType = text; path = ColorPicker.bnsi; sourceTree = "<group>"; };
		A55C3026277502D300648EA8 /* Form.bnsi */ = {isa = PBXFileReference; fileEncoding = 4; lastKnownFileType = text; path = Form.bnsi; sourceTree = "<group>"; };
		A55C303327765B6200648EA8 /* FilePickerView.swift */ = {isa = PBXFileReference; lastKnownFileType = sourcecode.swift; path = FilePickerView.swift; sourceTree = "<group>"; };
		A55DA94E263CF998005C3A5B /* JSON.swift */ = {isa = PBXFileReference; lastKnownFileType = sourcecode.swift; path = JSON.swift; sourceTree = "<group>"; };
		A55E59BE27988EC100130859 /* ColorCardView.swift */ = {isa = PBXFileReference; lastKnownFileType = sourcecode.swift; path = ColorCardView.swift; sourceTree = "<group>"; };
		A55E59C1279891EF00130859 /* MultiColorCardViews.swift */ = {isa = PBXFileReference; lastKnownFileType = sourcecode.swift; path = MultiColorCardViews.swift; sourceTree = "<group>"; };
		A55E59C327989AA400130859 /* ModifierButton+Data.swift */ = {isa = PBXFileReference; fileEncoding = 4; lastKnownFileType = sourcecode.swift; path = "ModifierButton+Data.swift"; sourceTree = "<group>"; };
		A55E59C427989AA400130859 /* ModifierButtons.swift */ = {isa = PBXFileReference; fileEncoding = 4; lastKnownFileType = sourcecode.swift; path = ModifierButtons.swift; sourceTree = "<group>"; };
		A5759F50263AD28C003172C6 /* Text.swift */ = {isa = PBXFileReference; lastKnownFileType = sourcecode.swift; path = Text.swift; sourceTree = "<group>"; };
		A585EA9727778E8A006F5078 /* ForegroundColor.swift */ = {isa = PBXFileReference; lastKnownFileType = sourcecode.swift; path = ForegroundColor.swift; sourceTree = "<group>"; };
		A585EA992777A0D0006F5078 /* ParserViewList.swift */ = {isa = PBXFileReference; fileEncoding = 4; lastKnownFileType = sourcecode.swift; path = ParserViewList.swift; sourceTree = "<group>"; };
		A585EA9E2777A19E006F5078 /* ModifiedView.swift */ = {isa = PBXFileReference; lastKnownFileType = sourcecode.swift; path = ModifiedView.swift; sourceTree = "<group>"; };
		A585EAA32778B762006F5078 /* Border.swift */ = {isa = PBXFileReference; lastKnownFileType = sourcecode.swift; path = Border.swift; sourceTree = "<group>"; };
		A585EAA6277A546B006F5078 /* Padding.swift */ = {isa = PBXFileReference; lastKnownFileType = sourcecode.swift; path = Padding.swift; sourceTree = "<group>"; };
		A585EAA9277E4D5F006F5078 /* HStack.swift */ = {isa = PBXFileReference; lastKnownFileType = sourcecode.swift; path = HStack.swift; sourceTree = "<group>"; };
		A585EAAB277E4DBA006F5078 /* ParsedView.swift */ = {isa = PBXFileReference; lastKnownFileType = sourcecode.swift; path = ParsedView.swift; sourceTree = "<group>"; };
		A585EAAD277E5477006F5078 /* Button.swift */ = {isa = PBXFileReference; lastKnownFileType = sourcecode.swift; path = Button.swift; sourceTree = "<group>"; };
		A585EAB3278074BE006F5078 /* AnyDragProtocol.swift */ = {isa = PBXFileReference; lastKnownFileType = sourcecode.swift; path = AnyDragProtocol.swift; sourceTree = "<group>"; };
		A585EAB727807E70006F5078 /* AnyDragComponent+View.swift */ = {isa = PBXFileReference; lastKnownFileType = sourcecode.swift; path = "AnyDragComponent+View.swift"; sourceTree = "<group>"; };
		A585EAB92780868B006F5078 /* View+Parsed.swift */ = {isa = PBXFileReference; lastKnownFileType = sourcecode.swift; path = "View+Parsed.swift"; sourceTree = "<group>"; };
		A5976DC227691EF800214A70 /* Keyboard.swift */ = {isa = PBXFileReference; lastKnownFileType = sourcecode.swift; path = Keyboard.swift; sourceTree = "<group>"; };
		A5976DE1276A32C300214A70 /* Button+Image.swift */ = {isa = PBXFileReference; lastKnownFileType = sourcecode.swift; path = "Button+Image.swift"; sourceTree = "<group>"; };
		A5976DE6276A4E0400214A70 /* TreeDragComponent.swift */ = {isa = PBXFileReference; lastKnownFileType = sourcecode.swift; path = TreeDragComponent.swift; sourceTree = "<group>"; };
		A5976DEC276B86CD00214A70 /* AppKit.framework */ = {isa = PBXFileReference; lastKnownFileType = wrapper.framework; name = AppKit.framework; path = System/Library/Frameworks/AppKit.framework; sourceTree = SDKROOT; };
		A5ACE65826746ADF00FCC855 /* Button+Label.swift */ = {isa = PBXFileReference; lastKnownFileType = sourcecode.swift; path = "Button+Label.swift"; sourceTree = "<group>"; };
		A5C01CB72767C2DD005CBAA8 /* Font.swift */ = {isa = PBXFileReference; lastKnownFileType = sourcecode.swift; path = Font.swift; sourceTree = "<group>"; };
		A5C01CBA2767DC49005CBAA8 /* Accessibility+Label.swift */ = {isa = PBXFileReference; lastKnownFileType = sourcecode.swift; path = "Accessibility+Label.swift"; sourceTree = "<group>"; };
		A5C01CBE2767E438005CBAA8 /* ViewModifier+Error.swift */ = {isa = PBXFileReference; lastKnownFileType = sourcecode.swift; path = "ViewModifier+Error.swift"; sourceTree = "<group>"; };
		A5C01CC02767F449005CBAA8 /* Accessibility+InputLabels.swift */ = {isa = PBXFileReference; lastKnownFileType = sourcecode.swift; path = "Accessibility+InputLabels.swift"; sourceTree = "<group>"; };
		A5C01CC5276800CA005CBAA8 /* Picker.swift */ = {isa = PBXFileReference; lastKnownFileType = sourcecode.swift; path = Picker.swift; sourceTree = "<group>"; };
		A5C01CC92768DFD4005CBAA8 /* Label.swift */ = {isa = PBXFileReference; lastKnownFileType = sourcecode.swift; path = Label.swift; sourceTree = "<group>"; };
		A5C01CD127690497005CBAA8 /* AnyDragComponent.swift */ = {isa = PBXFileReference; lastKnownFileType = sourcecode.swift; path = AnyDragComponent.swift; sourceTree = "<group>"; };
		A5C7E5EA2639F65B00FCD9A2 /* CombinatorParsers.swift */ = {isa = PBXFileReference; lastKnownFileType = sourcecode.swift; path = CombinatorParsers.swift; sourceTree = "<group>"; };
		A5C7E5EC2639F96B00FCD9A2 /* SampleJSON.json */ = {isa = PBXFileReference; fileEncoding = 4; lastKnownFileType = text.json; path = SampleJSON.json; sourceTree = "<group>"; };
		A5C7E5ED2639F96B00FCD9A2 /* CharacterSetTests.swift */ = {isa = PBXFileReference; fileEncoding = 4; lastKnownFileType = sourcecode.swift; path = CharacterSetTests.swift; sourceTree = "<group>"; };
		A5C7E5EE2639F96B00FCD9A2 /* ExpressionParserTests.swift */ = {isa = PBXFileReference; fileEncoding = 4; lastKnownFileType = sourcecode.swift; path = ExpressionParserTests.swift; sourceTree = "<group>"; };
		A5C7E5EF2639F96B00FCD9A2 /* UnicodeScalarTests.swift */ = {isa = PBXFileReference; fileEncoding = 4; lastKnownFileType = sourcecode.swift; path = UnicodeScalarTests.swift; sourceTree = "<group>"; };
		A5C7E5F02639F96B00FCD9A2 /* ErrorMessageTest.swift */ = {isa = PBXFileReference; fileEncoding = 4; lastKnownFileType = sourcecode.swift; path = ErrorMessageTest.swift; sourceTree = "<group>"; };
		A5C7E5F12639F96B00FCD9A2 /* PermutationTests.swift */ = {isa = PBXFileReference; fileEncoding = 4; lastKnownFileType = sourcecode.swift; path = PermutationTests.swift; sourceTree = "<group>"; };
		A5C7E5F22639F96B00FCD9A2 /* GenericTokenParserTests.swift */ = {isa = PBXFileReference; fileEncoding = 4; lastKnownFileType = sourcecode.swift; path = GenericTokenParserTests.swift; sourceTree = "<group>"; };
		A5C7E5F42639F96C00FCD9A2 /* JSONBenchmarkTests.swift */ = {isa = PBXFileReference; fileEncoding = 4; lastKnownFileType = sourcecode.swift; path = JSONBenchmarkTests.swift; sourceTree = "<group>"; };
		A5C7E5F52639F96C00FCD9A2 /* CharacterParsersTests.swift */ = {isa = PBXFileReference; fileEncoding = 4; lastKnownFileType = sourcecode.swift; path = CharacterParsersTests.swift; sourceTree = "<group>"; };
		A5C7E5F62639F96C00FCD9A2 /* CombinatorParsersTests.swift */ = {isa = PBXFileReference; fileEncoding = 4; lastKnownFileType = sourcecode.swift; path = CombinatorParsersTests.swift; sourceTree = "<group>"; };
		A5C7E5F72639F96C00FCD9A2 /* StringTests.swift */ = {isa = PBXFileReference; fileEncoding = 4; lastKnownFileType = sourcecode.swift; path = StringTests.swift; sourceTree = "<group>"; };
		A5C7E5F82639F96C00FCD9A2 /* PositionTests.swift */ = {isa = PBXFileReference; fileEncoding = 4; lastKnownFileType = sourcecode.swift; path = PositionTests.swift; sourceTree = "<group>"; };
		A5C7E5F92639F96C00FCD9A2 /* GenericParserTests.swift */ = {isa = PBXFileReference; fileEncoding = 4; lastKnownFileType = sourcecode.swift; path = GenericParserTests.swift; sourceTree = "<group>"; };
		A5C7E5FA2639F96C00FCD9A2 /* TestUtilities.swift */ = {isa = PBXFileReference; fileEncoding = 4; lastKnownFileType = sourcecode.swift; path = TestUtilities.swift; sourceTree = "<group>"; };
		A5E121722642B36200612830 /* AnyDragModel.swift */ = {isa = PBXFileReference; lastKnownFileType = sourcecode.swift; path = AnyDragModel.swift; sourceTree = "<group>"; };
/* End PBXFileReference section */

/* Begin PBXFrameworksBuildPhase section */
		A544359126395C96007A9B31 /* Frameworks */ = {
			isa = PBXFrameworksBuildPhase;
			buildActionMask = 2147483647;
			files = (
			);
			runOnlyForDeploymentPostprocessing = 0;
		};
		A544359926395C96007A9B31 /* Frameworks */ = {
			isa = PBXFrameworksBuildPhase;
			buildActionMask = 2147483647;
			files = (
				A544359D26395C96007A9B31 /* Parsec.framework in Frameworks */,
			);
			runOnlyForDeploymentPostprocessing = 0;
		};
		A558261D263D031C00116DD2 /* Frameworks */ = {
			isa = PBXFrameworksBuildPhase;
			buildActionMask = 2147483647;
			files = (
				A5582619263D031C00116DD2 /* Parsec.framework in Frameworks */,
				A5976DED276B86CD00214A70 /* AppKit.framework in Frameworks */,
			);
			runOnlyForDeploymentPostprocessing = 0;
		};
/* End PBXFrameworksBuildPhase section */

/* Begin PBXGroup section */
		A523EE78263F3C18003977F1 /* Environment */ = {
			isa = PBXGroup;
			children = (
				A523EE79263F3C24003977F1 /* UIState.swift */,
			);
			path = Environment;
			sourceTree = "<group>";
		};
		A523EE7F263F4311003977F1 /* JSONViewer */ = {
			isa = PBXGroup;
			children = (
				A523EE80263F4320003977F1 /* JSONViewer.swift */,
				A523EE82263F440F003977F1 /* JSONTreeView.swift */,
				A523EE84263F4526003977F1 /* JSONCell.swift */,
			);
			path = JSONViewer;
			sourceTree = "<group>";
		};
		A544357326395A0D007A9B31 = {
			isa = PBXGroup;
			children = (
				A544357E26395A0D007A9B31 /* Neuronific */,
				A544359526395C96007A9B31 /* Parsec */,
				A54435A226395C96007A9B31 /* ParsecTests */,
				A544357D26395A0D007A9B31 /* Products */,
				A5582606263CFD5400116DD2 /* Frameworks */,
			);
			sourceTree = "<group>";
		};
		A544357D26395A0D007A9B31 /* Products */ = {
			isa = PBXGroup;
			children = (
				A544357C26395A0D007A9B31 /* Neuronific.app */,
				A544359426395C96007A9B31 /* Parsec.framework */,
				A544359C26395C96007A9B31 /* ParsecTests.xctest */,
			);
			name = Products;
			sourceTree = "<group>";
		};
		A544357E26395A0D007A9B31 /* Neuronific */ = {
			isa = PBXGroup;
			children = (
				A5DA1B49264219DE00760C1E /* ObservableObjects */,
				A54956942641D7B3000DC4B9 /* UtilityViews */,
				A549568E2641D492000DC4B9 /* ViewModifiers */,
				A54956852641CFE0000DC4B9 /* Scenes */,
				A523EE7F263F4311003977F1 /* JSONViewer */,
				A523EE78263F3C18003977F1 /* Environment */,
				A544357F26395A0D007A9B31 /* NeuronificApp.swift */,
				A544358126395A0D007A9B31 /* ContentView.swift */,
				A5338EF8264190AC00E28DAB /* Theme.swift */,
				A544358326395A0E007A9B31 /* Assets.xcassets */,
				A544358826395A0E007A9B31 /* Info.plist */,
				A55C30192774FF0D00648EA8 /* bonsai.png */,
				A544358926395A0E007A9B31 /* Neuronific.entitlements */,
				A544358526395A0E007A9B31 /* Preview Content */,
			);
			path = Neuronific;
			sourceTree = "<group>";
		};
		A544358526395A0E007A9B31 /* Preview Content */ = {
			isa = PBXGroup;
			children = (
				A544358626395A0E007A9B31 /* Preview Assets.xcassets */,
			);
			path = "Preview Content";
			sourceTree = "<group>";
		};
		A544359526395C96007A9B31 /* Parsec */ = {
			isa = PBXGroup;
			children = (
				A558260F263CFE5D00116DD2 /* Components */,
				A544359626395C96007A9B31 /* Parsec.h */,
				A544359726395C96007A9B31 /* Info.plist */,
				A54435B226395CE2007A9B31 /* Parsec.swift */,
				A54435B626395FDD007A9B31 /* ParserError.swift */,
				A54435D4263987D3007A9B31 /* CharacterConversion.swift */,
				A54435D626398814007A9B31 /* CharacterMembership.swift */,
				A54435D82639891F007A9B31 /* CharacterParsers.swift */,
				A54435DA26398B7E007A9B31 /* CharacterSet.swift */,
				A54435DC26398BEA007A9B31 /* CollectionAggregation.swift */,
				A5C7E5EA2639F65B00FCD9A2 /* CombinatorParsers.swift */,
				A54435BA26396217007A9B31 /* Configuration.swift */,
				A54435BC26397E7B007A9B31 /* Either.swift */,
				A54435DE26398C2B007A9B31 /* ExpressionParser.swift */,
				A54435B426395E97007A9B31 /* GenericParser.swift */,
				A54435CC263985CA007A9B31 /* GenericTokenParser.swift */,
				A54435CA26398394007A9B31 /* LanguageDefinition.swift */,
				A54435CE2639863D007A9B31 /* Permutation.swift */,
				A54435B826396111007A9B31 /* Position.swift */,
				A54435BE2639809F007A9B31 /* RangeReplaceableCollectionInsertion.swift */,
				A54435C026398129007A9B31 /* SequenceAggregation.swift */,
				A54435C2263981B5007A9B31 /* SequenceConversion.swift */,
				A54435C4263981E1007A9B31 /* SetAggregation.swift */,
				A54435C626398222007A9B31 /* String.swift */,
				A54435C8263982DE007A9B31 /* TokenParser.swift */,
				A54435D026398761007A9B31 /* UInt16.swift */,
				A54435D226398790007A9B31 /* UnicodeScalar.swift */,
			);
			path = Parsec;
			sourceTree = "<group>";
		};
		A54435A226395C96007A9B31 /* ParsecTests */ = {
			isa = PBXGroup;
			children = (
				A5C7E5F52639F96C00FCD9A2 /* CharacterParsersTests.swift */,
				A5C7E5ED2639F96B00FCD9A2 /* CharacterSetTests.swift */,
				A5C7E5F62639F96C00FCD9A2 /* CombinatorParsersTests.swift */,
				A5C7E5F02639F96B00FCD9A2 /* ErrorMessageTest.swift */,
				A5C7E5EE2639F96B00FCD9A2 /* ExpressionParserTests.swift */,
				A5C7E5F92639F96C00FCD9A2 /* GenericParserTests.swift */,
				A5C7E5F22639F96B00FCD9A2 /* GenericTokenParserTests.swift */,
				A5C7E5F42639F96C00FCD9A2 /* JSONBenchmarkTests.swift */,
				A5C7E5F12639F96B00FCD9A2 /* PermutationTests.swift */,
				A5C7E5F82639F96C00FCD9A2 /* PositionTests.swift */,
				A5C7E5EC2639F96B00FCD9A2 /* SampleJSON.json */,
				A5C7E5F72639F96C00FCD9A2 /* StringTests.swift */,
				A5C7E5FA2639F96C00FCD9A2 /* TestUtilities.swift */,
				A5C7E5EF2639F96B00FCD9A2 /* UnicodeScalarTests.swift */,
				A54435A526395C96007A9B31 /* Info.plist */,
			);
			path = ParsecTests;
			sourceTree = "<group>";
		};
		A54956772641CEAB000DC4B9 /* Dashboard */ = {
			isa = PBXGroup;
			children = (
				A54956872641D015000DC4B9 /* Views */,
			);
			path = Dashboard;
			sourceTree = "<group>";
		};
		A54956852641CFE0000DC4B9 /* Scenes */ = {
			isa = PBXGroup;
			children = (
				A54956772641CEAB000DC4B9 /* Dashboard */,
			);
			path = Scenes;
			sourceTree = "<group>";
		};
		A54956872641D015000DC4B9 /* Views */ = {
			isa = PBXGroup;
			children = (
				A55E59C0279891C100130859 /* ComponentSelectionArea */,
				A5976DC42769315100214A70 /* ModifierButtons */,
				A54956792641CED2000DC4B9 /* ComponentView.swift */,
				A549567B2641CF00000DC4B9 /* ComponentDetailView.swift */,
				A549567D2641CF41000DC4B9 /* ComponentViewModifierView.swift */,
				A549567F2641CF66000DC4B9 /* ContentConfigurationView.swift */,
				A54956812641CF92000DC4B9 /* ContentConfigurationDetailView.swift */,
				A54956832641CFB0000DC4B9 /* SimulatedDeviceView.swift */,
				A55C303327765B6200648EA8 /* FilePickerView.swift */,
			);
			path = Views;
			sourceTree = "<group>";
		};
		A54956892641D02F000DC4B9 /* FileManager */ = {
			isa = PBXGroup;
			children = (
				A549568A2641D047000DC4B9 /* FileModel.swift */,
			);
			path = FileManager;
			sourceTree = "<group>";
		};
		A549568E2641D492000DC4B9 /* ViewModifiers */ = {
			isa = PBXGroup;
			children = (
				A54956902641D4AC000DC4B9 /* PlaceholderViewModifier.swift */,
			);
			path = ViewModifiers;
			sourceTree = "<group>";
		};
		A54956942641D7B3000DC4B9 /* UtilityViews */ = {
			isa = PBXGroup;
			children = (
				A55E59BD27988EA200130859 /* Cards */,
				A54956952641D817000DC4B9 /* SearchTextField.swift */,
				A54956972641DC3C000DC4B9 /* FocusRingExtension.swift */,
				A5976DC227691EF800214A70 /* Keyboard.swift */,
			);
			path = UtilityViews;
			sourceTree = "<group>";
		};
		A5582606263CFD5400116DD2 /* Frameworks */ = {
			isa = PBXGroup;
			children = (
				A5976DEC276B86CD00214A70 /* AppKit.framework */,
			);
			name = Frameworks;
			sourceTree = "<group>";
		};
		A558260F263CFE5D00116DD2 /* Components */ = {
			isa = PBXGroup;
			children = (
				A585EAA8277E4D4E006F5078 /* Layout */,
				A585EA9D2777A18D006F5078 /* View */,
				A5C01CCD2768E029005CBAA8 /* Text */,
				A5C01CCE2768E033005CBAA8 /* Buttons */,
				A5C01CCC2768E015005CBAA8 /* ValueSelectors */,
				A5C01CCB2768DFFD005CBAA8 /* ValueIndicators */,
				A5C01CB62767C2CE005CBAA8 /* ViewModifier */,
				A55DA94E263CF998005C3A5B /* JSON.swift */,
			);
			path = Components;
			sourceTree = "<group>";
		};
		A55E59BD27988EA200130859 /* Cards */ = {
			isa = PBXGroup;
			children = (
				A55E59BE27988EC100130859 /* ColorCardView.swift */,
			);
			path = Cards;
			sourceTree = "<group>";
		};
		A55E59C0279891C100130859 /* ComponentSelectionArea */ = {
			isa = PBXGroup;
			children = (
				A549568C2641D13C000DC4B9 /* ComponentSelectionAreaView.swift */,
				A55E59C1279891EF00130859 /* MultiColorCardViews.swift */,
			);
			path = ComponentSelectionArea;
			sourceTree = "<group>";
		};
		A585EA9D2777A18D006F5078 /* View */ = {
			isa = PBXGroup;
			children = (
				A585EAAB277E4DBA006F5078 /* ParsedView.swift */,
				A585EA9E2777A19E006F5078 /* ModifiedView.swift */,
				A585EAB92780868B006F5078 /* View+Parsed.swift */,
			);
			path = View;
			sourceTree = "<group>";
		};
		A585EAA22778B73D006F5078 /* Foreground+Elements */ = {
			isa = PBXGroup;
			children = (
				A585EAA32778B762006F5078 /* Border.swift */,
			);
			path = "Foreground+Elements";
			sourceTree = "<group>";
		};
		A585EAA5277A25FC006F5078 /* Padding */ = {
			isa = PBXGroup;
			children = (
				A585EAA6277A546B006F5078 /* Padding.swift */,
			);
			path = Padding;
			sourceTree = "<group>";
		};
		A585EAA8277E4D4E006F5078 /* Layout */ = {
			isa = PBXGroup;
			children = (
				A585EAA9277E4D5F006F5078 /* HStack.swift */,
			);
			path = Layout;
			sourceTree = "<group>";
		};
		A5976DBF2769182300214A70 /* Colors+Patterns */ = {
			isa = PBXGroup;
			children = (
				A585EA9727778E8A006F5078 /* ForegroundColor.swift */,
			);
			path = "Colors+Patterns";
			sourceTree = "<group>";
		};
		A5976DC42769315100214A70 /* ModifierButtons */ = {
			isa = PBXGroup;
			children = (
				A55E59C327989AA400130859 /* ModifierButton+Data.swift */,
				A55E59C427989AA400130859 /* ModifierButtons.swift */,
				A55C3023277502D300648EA8 /* Button.bnsi */,
				A55C3025277502D300648EA8 /* ColorPicker.bnsi */,
				A55C301F277502D300648EA8 /* DatePicker.bnsi */,
				A55C3020277502D300648EA8 /* DisclosureGroup.bnsi */,
				A55C3026277502D300648EA8 /* Form.bnsi */,
				A55C3022277502D300648EA8 /* GroupBox.bnsi */,
				A55C3024277502D300648EA8 /* HorizontalSplitView.bnsi */,
				A55C301E277502D300648EA8 /* Label.bnsi */,
				A55C3021277502D300648EA8 /* Link.bnsi */,
				A55C301B277502D300648EA8 /* List.bnsi */,
			);
			path = ModifierButtons;
			sourceTree = "<group>";
		};
		A5C01CB62767C2CE005CBAA8 /* ViewModifier */ = {
			isa = PBXGroup;
			children = (
				A5C01CBE2767E438005CBAA8 /* ViewModifier+Error.swift */,
				A5C01CB92767DB9F005CBAA8 /* Accessibility */,
				A5976DBF2769182300214A70 /* Colors+Patterns */,
				A585EAA22778B73D006F5078 /* Foreground+Elements */,
				A585EAA5277A25FC006F5078 /* Padding */,
				A5C01CB72767C2DD005CBAA8 /* Font.swift */,
			);
			path = ViewModifier;
			sourceTree = "<group>";
		};
		A5C01CB92767DB9F005CBAA8 /* Accessibility */ = {
			isa = PBXGroup;
			children = (
				A5C01CBA2767DC49005CBAA8 /* Accessibility+Label.swift */,
				A5C01CC02767F449005CBAA8 /* Accessibility+InputLabels.swift */,
			);
			path = Accessibility;
			sourceTree = "<group>";
		};
		A5C01CCB2768DFFD005CBAA8 /* ValueIndicators */ = {
			isa = PBXGroup;
			children = (
				A5C01CC92768DFD4005CBAA8 /* Label.swift */,
			);
			path = ValueIndicators;
			sourceTree = "<group>";
		};
		A5C01CCC2768E015005CBAA8 /* ValueSelectors */ = {
			isa = PBXGroup;
			children = (
				A5C01CC5276800CA005CBAA8 /* Picker.swift */,
				A585EA992777A0D0006F5078 /* ParserViewList.swift */,
			);
			path = ValueSelectors;
			sourceTree = "<group>";
		};
		A5C01CCD2768E029005CBAA8 /* Text */ = {
			isa = PBXGroup;
			children = (
				A5759F50263AD28C003172C6 /* Text.swift */,
			);
			path = Text;
			sourceTree = "<group>";
		};
		A5C01CCE2768E033005CBAA8 /* Buttons */ = {
			isa = PBXGroup;
			children = (
				A585EAAD277E5477006F5078 /* Button.swift */,
				A5ACE65826746ADF00FCC855 /* Button+Label.swift */,
				A5976DE1276A32C300214A70 /* Button+Image.swift */,
			);
			name = Buttons;
			sourceTree = "<group>";
		};
		A5C01CD3276904A9005CBAA8 /* DragComponents */ = {
			isa = PBXGroup;
			children = (
				A5E121722642B36200612830 /* AnyDragModel.swift */,
				A5976DE6276A4E0400214A70 /* TreeDragComponent.swift */,
			);
			path = DragComponents;
			sourceTree = "<group>";
		};
		A5DA1B49264219DE00760C1E /* ObservableObjects */ = {
			isa = PBXGroup;
			children = (
				A5DA1B4A264219EC00760C1E /* DragAndDropManager */,
				A54956892641D02F000DC4B9 /* FileManager */,
			);
			path = ObservableObjects;
			sourceTree = "<group>";
		};
		A5DA1B4A264219EC00760C1E /* DragAndDropManager */ = {
			isa = PBXGroup;
			children = (
				A5C01CD3276904A9005CBAA8 /* DragComponents */,
				A5C01CD127690497005CBAA8 /* AnyDragComponent.swift */,
				A585EAB727807E70006F5078 /* AnyDragComponent+View.swift */,
				A585EAB3278074BE006F5078 /* AnyDragProtocol.swift */,
				A55C300F2772587E00648EA8 /* AnyDropDelegate.swift */,
			);
			path = DragAndDropManager;
			sourceTree = "<group>";
		};
/* End PBXGroup section */

/* Begin PBXHeadersBuildPhase section */
		A544358F26395C96007A9B31 /* Headers */ = {
			isa = PBXHeadersBuildPhase;
			buildActionMask = 2147483647;
			files = (
				A54435A626395C96007A9B31 /* Parsec.h in Headers */,
			);
			runOnlyForDeploymentPostprocessing = 0;
		};
/* End PBXHeadersBuildPhase section */

/* Begin PBXNativeTarget section */
		A544357B26395A0D007A9B31 /* Neuronific */ = {
			isa = PBXNativeTarget;
			buildConfigurationList = A544358C26395A0E007A9B31 /* Build configuration list for PBXNativeTarget "Neuronific" */;
			buildPhases = (
				A544357826395A0D007A9B31 /* Sources */,
				A544357A26395A0D007A9B31 /* Resources */,
				A558261D263D031C00116DD2 /* Frameworks */,
				A558261E263D031C00116DD2 /* Embed Frameworks */,
			);
			buildRules = (
			);
			dependencies = (
				A558261C263D031C00116DD2 /* PBXTargetDependency */,
			);
			name = Neuronific;
			productName = Neuronific;
			productReference = A544357C26395A0D007A9B31 /* Neuronific.app */;
			productType = "com.apple.product-type.application";
		};
		A544359326395C96007A9B31 /* Parsec */ = {
			isa = PBXNativeTarget;
			buildConfigurationList = A54435AB26395C96007A9B31 /* Build configuration list for PBXNativeTarget "Parsec" */;
			buildPhases = (
				A544358F26395C96007A9B31 /* Headers */,
				A544359026395C96007A9B31 /* Sources */,
				A544359126395C96007A9B31 /* Frameworks */,
				A544359226395C96007A9B31 /* Resources */,
			);
			buildRules = (
			);
			dependencies = (
			);
			name = Parsec;
			productName = Parsec;
			productReference = A544359426395C96007A9B31 /* Parsec.framework */;
			productType = "com.apple.product-type.framework";
		};
		A544359B26395C96007A9B31 /* ParsecTests */ = {
			isa = PBXNativeTarget;
			buildConfigurationList = A54435AF26395C96007A9B31 /* Build configuration list for PBXNativeTarget "ParsecTests" */;
			buildPhases = (
				A544359826395C96007A9B31 /* Sources */,
				A544359926395C96007A9B31 /* Frameworks */,
				A544359A26395C96007A9B31 /* Resources */,
			);
			buildRules = (
			);
			dependencies = (
				A544359F26395C96007A9B31 /* PBXTargetDependency */,
				A54435A126395C96007A9B31 /* PBXTargetDependency */,
			);
			name = ParsecTests;
			productName = ParsecTests;
			productReference = A544359C26395C96007A9B31 /* ParsecTests.xctest */;
			productType = "com.apple.product-type.bundle.unit-test";
		};
/* End PBXNativeTarget section */

/* Begin PBXProject section */
		A544357426395A0D007A9B31 /* Project object */ = {
			isa = PBXProject;
			attributes = {
				LastSwiftUpdateCheck = 1250;
				LastUpgradeCheck = 1310;
				TargetAttributes = {
					A544357B26395A0D007A9B31 = {
						CreatedOnToolsVersion = 12.5;
					};
					A544359326395C96007A9B31 = {
						CreatedOnToolsVersion = 12.5;
						LastSwiftMigration = 1250;
					};
					A544359B26395C96007A9B31 = {
						CreatedOnToolsVersion = 12.5;
						TestTargetID = A544357B26395A0D007A9B31;
					};
				};
			};
			buildConfigurationList = A544357726395A0D007A9B31 /* Build configuration list for PBXProject "Neuronific" */;
			compatibilityVersion = "Xcode 9.3";
			developmentRegion = en;
			hasScannedForEncodings = 0;
			knownRegions = (
				en,
				Base,
			);
			mainGroup = A544357326395A0D007A9B31;
			productRefGroup = A544357D26395A0D007A9B31 /* Products */;
			projectDirPath = "";
			projectRoot = "";
			targets = (
				A544357B26395A0D007A9B31 /* Neuronific */,
				A544359326395C96007A9B31 /* Parsec */,
				A544359B26395C96007A9B31 /* ParsecTests */,
			);
		};
/* End PBXProject section */

/* Begin PBXResourcesBuildPhase section */
		A544357A26395A0D007A9B31 /* Resources */ = {
			isa = PBXResourcesBuildPhase;
			buildActionMask = 2147483647;
			files = (
				A55C302E277502D300648EA8 /* GroupBox.bnsi in Resources */,
				A55C3031277502D300648EA8 /* ColorPicker.bnsi in Resources */,
				A55C302F277502D300648EA8 /* Button.bnsi in Resources */,
				A544358726395A0E007A9B31 /* Preview Assets.xcassets in Resources */,
				A55C3032277502D300648EA8 /* Form.bnsi in Resources */,
				A55C302A277502D300648EA8 /* Label.bnsi in Resources */,
				A55C302D277502D300648EA8 /* Link.bnsi in Resources */,
				A55C3027277502D300648EA8 /* List.bnsi in Resources */,
				A55C3030277502D300648EA8 /* HorizontalSplitView.bnsi in Resources */,
				A544358426395A0E007A9B31 /* Assets.xcassets in Resources */,
				A55C301A2774FF0D00648EA8 /* bonsai.png in Resources */,
				A55C302C277502D300648EA8 /* DisclosureGroup.bnsi in Resources */,
				A55C302B277502D300648EA8 /* DatePicker.bnsi in Resources */,
			);
			runOnlyForDeploymentPostprocessing = 0;
		};
		A544359226395C96007A9B31 /* Resources */ = {
			isa = PBXResourcesBuildPhase;
			buildActionMask = 2147483647;
			files = (
			);
			runOnlyForDeploymentPostprocessing = 0;
		};
		A544359A26395C96007A9B31 /* Resources */ = {
			isa = PBXResourcesBuildPhase;
			buildActionMask = 2147483647;
			files = (
				A5C7E5FB2639F96C00FCD9A2 /* SampleJSON.json in Resources */,
			);
			runOnlyForDeploymentPostprocessing = 0;
		};
/* End PBXResourcesBuildPhase section */

/* Begin PBXSourcesBuildPhase section */
		A544357826395A0D007A9B31 /* Sources */ = {
			isa = PBXSourcesBuildPhase;
			buildActionMask = 2147483647;
			files = (
				A544358226395A0D007A9B31 /* ContentView.swift in Sources */,
				A544358026395A0D007A9B31 /* NeuronificApp.swift in Sources */,
				A55C303427765B6200648EA8 /* FilePickerView.swift in Sources */,
				A523EE85263F4526003977F1 /* JSONCell.swift in Sources */,
				A523EE83263F440F003977F1 /* JSONTreeView.swift in Sources */,
				A55C30102772587E00648EA8 /* AnyDropDelegate.swift in Sources */,
				A549567E2641CF41000DC4B9 /* ComponentViewModifierView.swift in Sources */,
				A54956912641D4AC000DC4B9 /* PlaceholderViewModifier.swift in Sources */,
				A54956982641DC3C000DC4B9 /* FocusRingExtension.swift in Sources */,
				A5976DE7276A4E0400214A70 /* TreeDragComponent.swift in Sources */,
				A55E59C2279891EF00130859 /* MultiColorCardViews.swift in Sources */,
				A549567C2641CF00000DC4B9 /* ComponentDetailView.swift in Sources */,
				A585EAB4278074BE006F5078 /* AnyDragProtocol.swift in Sources */,
				A585EAB827807E70006F5078 /* AnyDragComponent+View.swift in Sources */,
				A55E59BF27988EC100130859 /* ColorCardView.swift in Sources */,
				A549567A2641CED2000DC4B9 /* ComponentView.swift in Sources */,
				A5976DC327691EF800214A70 /* Keyboard.swift in Sources */,
				A54956842641CFB0000DC4B9 /* SimulatedDeviceView.swift in Sources */,
				A5E121732642B36200612830 /* AnyDragModel.swift in Sources */,
				A54956822641CF92000DC4B9 /* ContentConfigurationDetailView.swift in Sources */,
				A549568B2641D047000DC4B9 /* FileModel.swift in Sources */,
				A54956962641D817000DC4B9 /* SearchTextField.swift in Sources */,
				A523EE7A263F3C24003977F1 /* UIState.swift in Sources */,
				A54956802641CF66000DC4B9 /* ContentConfigurationView.swift in Sources */,
				A549568D2641D13C000DC4B9 /* ComponentSelectionAreaView.swift in Sources */,
				A5C01CD227690497005CBAA8 /* AnyDragComponent.swift in Sources */,
				A523EE81263F4320003977F1 /* JSONViewer.swift in Sources */,
				A5338EF9264190AC00E28DAB /* Theme.swift in Sources */,
			);
			runOnlyForDeploymentPostprocessing = 0;
		};
		A544359026395C96007A9B31 /* Sources */ = {
			isa = PBXSourcesBuildPhase;
			buildActionMask = 2147483647;
			files = (
				A54435C3263981B5007A9B31 /* SequenceConversion.swift in Sources */,
				A585EABA2780868B006F5078 /* View+Parsed.swift in Sources */,
				A585EA9F2777A19E006F5078 /* ModifiedView.swift in Sources */,
				A54435CB26398394007A9B31 /* LanguageDefinition.swift in Sources */,
				A585EAAA277E4D5F006F5078 /* HStack.swift in Sources */,
				A54435C726398222007A9B31 /* String.swift in Sources */,
				A54435B526395E97007A9B31 /* GenericParser.swift in Sources */,
				A54435BB26396217007A9B31 /* Configuration.swift in Sources */,
				A5C01CC6276800CA005CBAA8 /* Picker.swift in Sources */,
				A5976DE2276A32C300214A70 /* Button+Image.swift in Sources */,
				A54435D5263987D3007A9B31 /* CharacterConversion.swift in Sources */,
				A585EAA7277A546B006F5078 /* Padding.swift in Sources */,
				A558261F263D037600116DD2 /* JSON.swift in Sources */,
				A5C01CB82767C2DD005CBAA8 /* Font.swift in Sources */,
				A54435B726395FDD007A9B31 /* ParserError.swift in Sources */,
				A5582620263D037C00116DD2 /* Text.swift in Sources */,
				A54435B926396111007A9B31 /* Position.swift in Sources */,
				A5C7E5EB2639F65B00FCD9A2 /* CombinatorParsers.swift in Sources */,
				A5C01CCA2768DFD4005CBAA8 /* Label.swift in Sources */,
				A5C01CBB2767DC49005CBAA8 /* Accessibility+Label.swift in Sources */,
				A54435DF26398C2B007A9B31 /* ExpressionParser.swift in Sources */,
				A54435BD26397E7B007A9B31 /* Either.swift in Sources */,
				A54435CF2639863D007A9B31 /* Permutation.swift in Sources */,
				A54435C126398129007A9B31 /* SequenceAggregation.swift in Sources */,
				A585EAA42778B762006F5078 /* Border.swift in Sources */,
				A54435DB26398B7E007A9B31 /* CharacterSet.swift in Sources */,
				A585EA9A2777A0D0006F5078 /* ParserViewList.swift in Sources */,
				A5ACE65926746ADF00FCC855 /* Button+Label.swift in Sources */,
				A5C01CC12767F449005CBAA8 /* Accessibility+InputLabels.swift in Sources */,
				A54435DD26398BEA007A9B31 /* CollectionAggregation.swift in Sources */,
				A54435D326398790007A9B31 /* UnicodeScalar.swift in Sources */,
				A54435C5263981E1007A9B31 /* SetAggregation.swift in Sources */,
				A54435CD263985CA007A9B31 /* GenericTokenParser.swift in Sources */,
				A54435D92639891F007A9B31 /* CharacterParsers.swift in Sources */,
				A54435B326395CE2007A9B31 /* Parsec.swift in Sources */,
				A5C01CBF2767E438005CBAA8 /* ViewModifier+Error.swift in Sources */,
				A585EAAE277E5477006F5078 /* Button.swift in Sources */,
				A54435C9263982DE007A9B31 /* TokenParser.swift in Sources */,
				A54435D726398814007A9B31 /* CharacterMembership.swift in Sources */,
				A54435D126398761007A9B31 /* UInt16.swift in Sources */,
				A54435BF2639809F007A9B31 /* RangeReplaceableCollectionInsertion.swift in Sources */,
				A585EA9827778E8A006F5078 /* ForegroundColor.swift in Sources */,
				A585EAAC277E4DBA006F5078 /* ParsedView.swift in Sources */,
			);
			runOnlyForDeploymentPostprocessing = 0;
		};
		A544359826395C96007A9B31 /* Sources */ = {
			isa = PBXSourcesBuildPhase;
			buildActionMask = 2147483647;
			files = (
				A5C7E6042639F96C00FCD9A2 /* CharacterParsersTests.swift in Sources */,
				A5C7E6002639F96C00FCD9A2 /* PermutationTests.swift in Sources */,
				A5C7E6092639F96C00FCD9A2 /* TestUtilities.swift in Sources */,
				A5C7E6052639F96C00FCD9A2 /* CombinatorParsersTests.swift in Sources */,
				A5C7E5FC2639F96C00FCD9A2 /* CharacterSetTests.swift in Sources */,
				A5C7E6062639F96C00FCD9A2 /* StringTests.swift in Sources */,
				A5C7E5FF2639F96C00FCD9A2 /* ErrorMessageTest.swift in Sources */,
				A5C7E6072639F96C00FCD9A2 /* PositionTests.swift in Sources */,
				A5C7E6082639F96C00FCD9A2 /* GenericParserTests.swift in Sources */,
				A5C7E6032639F96C00FCD9A2 /* JSONBenchmarkTests.swift in Sources */,
				A5C7E6012639F96C00FCD9A2 /* GenericTokenParserTests.swift in Sources */,
				A5C7E5FD2639F96C00FCD9A2 /* ExpressionParserTests.swift in Sources */,
				A5C7E5FE2639F96C00FCD9A2 /* UnicodeScalarTests.swift in Sources */,
			);
			runOnlyForDeploymentPostprocessing = 0;
		};
/* End PBXSourcesBuildPhase section */

/* Begin PBXTargetDependency section */
		A544359F26395C96007A9B31 /* PBXTargetDependency */ = {
			isa = PBXTargetDependency;
			target = A544359326395C96007A9B31 /* Parsec */;
			targetProxy = A544359E26395C96007A9B31 /* PBXContainerItemProxy */;
		};
		A54435A126395C96007A9B31 /* PBXTargetDependency */ = {
			isa = PBXTargetDependency;
			target = A544357B26395A0D007A9B31 /* Neuronific */;
			targetProxy = A54435A026395C96007A9B31 /* PBXContainerItemProxy */;
		};
		A558261C263D031C00116DD2 /* PBXTargetDependency */ = {
			isa = PBXTargetDependency;
			target = A544359326395C96007A9B31 /* Parsec */;
			targetProxy = A558261B263D031C00116DD2 /* PBXContainerItemProxy */;
		};
/* End PBXTargetDependency section */

/* Begin XCBuildConfiguration section */
		A544358A26395A0E007A9B31 /* Debug */ = {
			isa = XCBuildConfiguration;
			buildSettings = {
				ALWAYS_SEARCH_USER_PATHS = NO;
				CLANG_ANALYZER_NONNULL = YES;
				CLANG_ANALYZER_NUMBER_OBJECT_CONVERSION = YES_AGGRESSIVE;
				CLANG_CXX_LANGUAGE_STANDARD = "gnu++14";
				CLANG_CXX_LIBRARY = "libc++";
				CLANG_ENABLE_MODULES = YES;
				CLANG_ENABLE_OBJC_ARC = YES;
				CLANG_ENABLE_OBJC_WEAK = YES;
				CLANG_WARN_BLOCK_CAPTURE_AUTORELEASING = YES;
				CLANG_WARN_BOOL_CONVERSION = YES;
				CLANG_WARN_COMMA = YES;
				CLANG_WARN_CONSTANT_CONVERSION = YES;
				CLANG_WARN_DEPRECATED_OBJC_IMPLEMENTATIONS = YES;
				CLANG_WARN_DIRECT_OBJC_ISA_USAGE = YES_ERROR;
				CLANG_WARN_DOCUMENTATION_COMMENTS = YES;
				CLANG_WARN_EMPTY_BODY = YES;
				CLANG_WARN_ENUM_CONVERSION = YES;
				CLANG_WARN_INFINITE_RECURSION = YES;
				CLANG_WARN_INT_CONVERSION = YES;
				CLANG_WARN_NON_LITERAL_NULL_CONVERSION = YES;
				CLANG_WARN_OBJC_IMPLICIT_RETAIN_SELF = YES;
				CLANG_WARN_OBJC_LITERAL_CONVERSION = YES;
				CLANG_WARN_OBJC_ROOT_CLASS = YES_ERROR;
				CLANG_WARN_QUOTED_INCLUDE_IN_FRAMEWORK_HEADER = YES;
				CLANG_WARN_RANGE_LOOP_ANALYSIS = YES;
				CLANG_WARN_STRICT_PROTOTYPES = YES;
				CLANG_WARN_SUSPICIOUS_MOVE = YES;
				CLANG_WARN_UNGUARDED_AVAILABILITY = YES_AGGRESSIVE;
				CLANG_WARN_UNREACHABLE_CODE = YES;
				CLANG_WARN__DUPLICATE_METHOD_MATCH = YES;
				COPY_PHASE_STRIP = NO;
				DEBUG_INFORMATION_FORMAT = dwarf;
				ENABLE_STRICT_OBJC_MSGSEND = YES;
				ENABLE_TESTABILITY = YES;
				GCC_C_LANGUAGE_STANDARD = gnu11;
				GCC_DYNAMIC_NO_PIC = NO;
				GCC_NO_COMMON_BLOCKS = YES;
				GCC_OPTIMIZATION_LEVEL = 0;
				GCC_PREPROCESSOR_DEFINITIONS = (
					"DEBUG=1",
					"$(inherited)",
				);
				GCC_WARN_64_TO_32_BIT_CONVERSION = YES;
				GCC_WARN_ABOUT_RETURN_TYPE = YES_ERROR;
				GCC_WARN_UNDECLARED_SELECTOR = YES;
				GCC_WARN_UNINITIALIZED_AUTOS = YES_AGGRESSIVE;
				GCC_WARN_UNUSED_FUNCTION = YES;
				GCC_WARN_UNUSED_VARIABLE = YES;
				MACOSX_DEPLOYMENT_TARGET = 11.5;
				MTL_ENABLE_DEBUG_INFO = INCLUDE_SOURCE;
				MTL_FAST_MATH = YES;
				ONLY_ACTIVE_ARCH = YES;
				SDKROOT = macosx;
				SWIFT_ACTIVE_COMPILATION_CONDITIONS = DEBUG;
				SWIFT_OPTIMIZATION_LEVEL = "-Onone";
			};
			name = Debug;
		};
		A544358B26395A0E007A9B31 /* Release */ = {
			isa = XCBuildConfiguration;
			buildSettings = {
				ALWAYS_SEARCH_USER_PATHS = NO;
				CLANG_ANALYZER_NONNULL = YES;
				CLANG_ANALYZER_NUMBER_OBJECT_CONVERSION = YES_AGGRESSIVE;
				CLANG_CXX_LANGUAGE_STANDARD = "gnu++14";
				CLANG_CXX_LIBRARY = "libc++";
				CLANG_ENABLE_MODULES = YES;
				CLANG_ENABLE_OBJC_ARC = YES;
				CLANG_ENABLE_OBJC_WEAK = YES;
				CLANG_WARN_BLOCK_CAPTURE_AUTORELEASING = YES;
				CLANG_WARN_BOOL_CONVERSION = YES;
				CLANG_WARN_COMMA = YES;
				CLANG_WARN_CONSTANT_CONVERSION = YES;
				CLANG_WARN_DEPRECATED_OBJC_IMPLEMENTATIONS = YES;
				CLANG_WARN_DIRECT_OBJC_ISA_USAGE = YES_ERROR;
				CLANG_WARN_DOCUMENTATION_COMMENTS = YES;
				CLANG_WARN_EMPTY_BODY = YES;
				CLANG_WARN_ENUM_CONVERSION = YES;
				CLANG_WARN_INFINITE_RECURSION = YES;
				CLANG_WARN_INT_CONVERSION = YES;
				CLANG_WARN_NON_LITERAL_NULL_CONVERSION = YES;
				CLANG_WARN_OBJC_IMPLICIT_RETAIN_SELF = YES;
				CLANG_WARN_OBJC_LITERAL_CONVERSION = YES;
				CLANG_WARN_OBJC_ROOT_CLASS = YES_ERROR;
				CLANG_WARN_QUOTED_INCLUDE_IN_FRAMEWORK_HEADER = YES;
				CLANG_WARN_RANGE_LOOP_ANALYSIS = YES;
				CLANG_WARN_STRICT_PROTOTYPES = YES;
				CLANG_WARN_SUSPICIOUS_MOVE = YES;
				CLANG_WARN_UNGUARDED_AVAILABILITY = YES_AGGRESSIVE;
				CLANG_WARN_UNREACHABLE_CODE = YES;
				CLANG_WARN__DUPLICATE_METHOD_MATCH = YES;
				COPY_PHASE_STRIP = NO;
				DEBUG_INFORMATION_FORMAT = "dwarf-with-dsym";
				ENABLE_NS_ASSERTIONS = NO;
				ENABLE_STRICT_OBJC_MSGSEND = YES;
				GCC_C_LANGUAGE_STANDARD = gnu11;
				GCC_NO_COMMON_BLOCKS = YES;
				GCC_WARN_64_TO_32_BIT_CONVERSION = YES;
				GCC_WARN_ABOUT_RETURN_TYPE = YES_ERROR;
				GCC_WARN_UNDECLARED_SELECTOR = YES;
				GCC_WARN_UNINITIALIZED_AUTOS = YES_AGGRESSIVE;
				GCC_WARN_UNUSED_FUNCTION = YES;
				GCC_WARN_UNUSED_VARIABLE = YES;
				MACOSX_DEPLOYMENT_TARGET = 11.5;
				MTL_ENABLE_DEBUG_INFO = NO;
				MTL_FAST_MATH = YES;
				SDKROOT = macosx;
				SWIFT_COMPILATION_MODE = wholemodule;
				SWIFT_OPTIMIZATION_LEVEL = "-O";
			};
			name = Release;
		};
		A544358D26395A0E007A9B31 /* Debug */ = {
			isa = XCBuildConfiguration;
			buildSettings = {
				ASSETCATALOG_COMPILER_APPICON_NAME = AppIcon;
				ASSETCATALOG_COMPILER_GLOBAL_ACCENT_COLOR_NAME = AccentColor;
				CODE_SIGN_ENTITLEMENTS = Neuronific/Neuronific.entitlements;
				CODE_SIGN_IDENTITY = "-";
				CODE_SIGN_STYLE = Automatic;
				COMBINE_HIDPI_IMAGES = YES;
				DEVELOPMENT_ASSET_PATHS = "\"Neuronific/Preview Content\"";
				DEVELOPMENT_TEAM = "";
				ENABLE_PREVIEWS = YES;
				INFOPLIST_FILE = Neuronific/Info.plist;
				LD_RUNPATH_SEARCH_PATHS = (
					"$(inherited)",
					"@executable_path/../Frameworks",
				);
				MACOSX_DEPLOYMENT_TARGET = 11.5;
				MARKETING_VERSION = 1.0.0;
				PRODUCT_BUNDLE_IDENTIFIER = network.thebonsai.Neuronific;
				PRODUCT_NAME = "$(TARGET_NAME)";
				SWIFT_VERSION = 5.0;
			};
			name = Debug;
		};
		A544358E26395A0E007A9B31 /* Release */ = {
			isa = XCBuildConfiguration;
			buildSettings = {
				ASSETCATALOG_COMPILER_APPICON_NAME = AppIcon;
				ASSETCATALOG_COMPILER_GLOBAL_ACCENT_COLOR_NAME = AccentColor;
				CODE_SIGN_ENTITLEMENTS = Neuronific/Neuronific.entitlements;
				CODE_SIGN_IDENTITY = "-";
				CODE_SIGN_STYLE = Automatic;
				COMBINE_HIDPI_IMAGES = YES;
				DEVELOPMENT_ASSET_PATHS = "\"Neuronific/Preview Content\"";
				DEVELOPMENT_TEAM = "";
				ENABLE_PREVIEWS = YES;
				INFOPLIST_FILE = Neuronific/Info.plist;
				LD_RUNPATH_SEARCH_PATHS = (
					"$(inherited)",
					"@executable_path/../Frameworks",
				);
				MACOSX_DEPLOYMENT_TARGET = 11.5;
				MARKETING_VERSION = 1.0.0;
				PRODUCT_BUNDLE_IDENTIFIER = network.thebonsai.Neuronific;
				PRODUCT_NAME = "$(TARGET_NAME)";
				SWIFT_VERSION = 5.0;
			};
			name = Release;
		};
		A54435AC26395C96007A9B31 /* Debug */ = {
			isa = XCBuildConfiguration;
			buildSettings = {
				CLANG_ENABLE_MODULES = YES;
				CODE_SIGN_IDENTITY = "Apple Development";
				CODE_SIGN_STYLE = Automatic;
				COMBINE_HIDPI_IMAGES = YES;
				CURRENT_PROJECT_VERSION = 1;
				DEFINES_MODULE = YES;
				DEVELOPMENT_TEAM = "";
				DYLIB_COMPATIBILITY_VERSION = 1;
				DYLIB_CURRENT_VERSION = 1;
				DYLIB_INSTALL_NAME_BASE = "@rpath";
				INFOPLIST_FILE = Parsec/Info.plist;
				INSTALL_PATH = "$(LOCAL_LIBRARY_DIR)/Frameworks";
				LD_RUNPATH_SEARCH_PATHS = (
					"$(inherited)",
					"@executable_path/../Frameworks",
					"@loader_path/Frameworks",
				);
				MACOSX_DEPLOYMENT_TARGET = 11.5;
				PRODUCT_BUNDLE_IDENTIFIER = network.thebonsai.Neuronific;
				PRODUCT_NAME = "$(TARGET_NAME:c99extidentifier)";
				SKIP_INSTALL = YES;
				SWIFT_OPTIMIZATION_LEVEL = "-Onone";
				SWIFT_VERSION = 5.0;
				VERSIONING_SYSTEM = "apple-generic";
				VERSION_INFO_PREFIX = "";
			};
			name = Debug;
		};
		A54435AD26395C96007A9B31 /* Release */ = {
			isa = XCBuildConfiguration;
			buildSettings = {
				CLANG_ENABLE_MODULES = YES;
				CODE_SIGN_IDENTITY = "Apple Development";
				CODE_SIGN_STYLE = Automatic;
				COMBINE_HIDPI_IMAGES = YES;
				CURRENT_PROJECT_VERSION = 1;
				DEFINES_MODULE = YES;
				DEVELOPMENT_TEAM = "";
				DYLIB_COMPATIBILITY_VERSION = 1;
				DYLIB_CURRENT_VERSION = 1;
				DYLIB_INSTALL_NAME_BASE = "@rpath";
				INFOPLIST_FILE = Parsec/Info.plist;
				INSTALL_PATH = "$(LOCAL_LIBRARY_DIR)/Frameworks";
				LD_RUNPATH_SEARCH_PATHS = (
					"$(inherited)",
					"@executable_path/../Frameworks",
					"@loader_path/Frameworks",
				);
				MACOSX_DEPLOYMENT_TARGET = 11.5;
				PRODUCT_BUNDLE_IDENTIFIER = network.thebonsai.Neuronific;
				PRODUCT_NAME = "$(TARGET_NAME:c99extidentifier)";
				SKIP_INSTALL = YES;
				SWIFT_VERSION = 5.0;
				VERSIONING_SYSTEM = "apple-generic";
				VERSION_INFO_PREFIX = "";
			};
			name = Release;
		};
		A54435B026395C96007A9B31 /* Debug */ = {
			isa = XCBuildConfiguration;
			buildSettings = {
				ALWAYS_EMBED_SWIFT_STANDARD_LIBRARIES = YES;
				CODE_SIGN_IDENTITY = "-";
				CODE_SIGN_STYLE = Automatic;
				COMBINE_HIDPI_IMAGES = YES;
				DEVELOPMENT_TEAM = "";
				INFOPLIST_FILE = ParsecTests/Info.plist;
				LD_RUNPATH_SEARCH_PATHS = (
					"$(inherited)",
					"@executable_path/../Frameworks",
					"@loader_path/../Frameworks",
				);
				PRODUCT_BUNDLE_IDENTIFIER = astrocyte.healthcare.ios.ParsecTests;
				PRODUCT_NAME = "$(TARGET_NAME)";
				SWIFT_VERSION = 5.0;
				TEST_HOST = "$(BUILT_PRODUCTS_DIR)/Neuronific.app/Contents/MacOS/Neuronific";
			};
			name = Debug;
		};
		A54435B126395C96007A9B31 /* Release */ = {
			isa = XCBuildConfiguration;
			buildSettings = {
				ALWAYS_EMBED_SWIFT_STANDARD_LIBRARIES = YES;
				CODE_SIGN_IDENTITY = "-";
				CODE_SIGN_STYLE = Automatic;
				COMBINE_HIDPI_IMAGES = YES;
				DEVELOPMENT_TEAM = "";
				INFOPLIST_FILE = ParsecTests/Info.plist;
				LD_RUNPATH_SEARCH_PATHS = (
					"$(inherited)",
					"@executable_path/../Frameworks",
					"@loader_path/../Frameworks",
				);
				PRODUCT_BUNDLE_IDENTIFIER = astrocyte.healthcare.ios.ParsecTests;
				PRODUCT_NAME = "$(TARGET_NAME)";
				SWIFT_VERSION = 5.0;
				TEST_HOST = "$(BUILT_PRODUCTS_DIR)/Neuronific.app/Contents/MacOS/Neuronific";
			};
			name = Release;
		};
/* End XCBuildConfiguration section */

/* Begin XCConfigurationList section */
		A544357726395A0D007A9B31 /* Build configuration list for PBXProject "Neuronific" */ = {
			isa = XCConfigurationList;
			buildConfigurations = (
				A544358A26395A0E007A9B31 /* Debug */,
				A544358B26395A0E007A9B31 /* Release */,
			);
			defaultConfigurationIsVisible = 0;
			defaultConfigurationName = Release;
		};
		A544358C26395A0E007A9B31 /* Build configuration list for PBXNativeTarget "Neuronific" */ = {
			isa = XCConfigurationList;
			buildConfigurations = (
				A544358D26395A0E007A9B31 /* Debug */,
				A544358E26395A0E007A9B31 /* Release */,
			);
			defaultConfigurationIsVisible = 0;
			defaultConfigurationName = Release;
		};
		A54435AB26395C96007A9B31 /* Build configuration list for PBXNativeTarget "Parsec" */ = {
			isa = XCConfigurationList;
			buildConfigurations = (
				A54435AC26395C96007A9B31 /* Debug */,
				A54435AD26395C96007A9B31 /* Release */,
			);
			defaultConfigurationIsVisible = 0;
			defaultConfigurationName = Release;
		};
		A54435AF26395C96007A9B31 /* Build configuration list for PBXNativeTarget "ParsecTests" */ = {
			isa = XCConfigurationList;
			buildConfigurations = (
				A54435B026395C96007A9B31 /* Debug */,
				A54435B126395C96007A9B31 /* Release */,
			);
			defaultConfigurationIsVisible = 0;
			defaultConfigurationName = Release;
		};
/* End XCConfigurationList section */
	};
	rootObject = A544357426395A0D007A9B31 /* Project object */;
}
